
Microsoft Visual Studio Solution File, Format Version 12.00
# Visual Studio Version 16
VisualStudioVersion = 16.0.30523.141
MinimumVisualStudioVersion = 10.0.40219.1
Project("{FAE04EC0-301F-11D3-BF4B-00C04F79EFBC}") = "ONT2000 Project", "ONT2000 Project\ONT2000 Project.csproj", "{FFCBDB64-DE20-4B78-8844-C47D5ADCE5A6}"
EndProject
Project("{FAE04EC0-301F-11D3-BF4B-00C04F79EFBC}") = "DAL", "DAL\DAL.csproj", "{0B29867C-E956-43C5-8399-85C87599A327}"
EndProject
Project("{FAE04EC0-301F-11D3-BF4B-00C04F79EFBC}") = "BLL", "BLL\BLL.csproj", "{C6F381A4-DB89-4C2B-B55D-923307BA0CC6}"
EndProject
Global
	GlobalSection(SolutionConfigurationPlatforms) = preSolution
		Debug|Any CPU = Debug|Any CPU
		Release|Any CPU = Release|Any CPU
	EndGlobalSection
	GlobalSection(ProjectConfigurationPlatforms) = postSolution
		{FFCBDB64-DE20-4B78-8844-C47D5ADCE5A6}.Debug|Any CPU.ActiveCfg = Debug|Any CPU
		{FFCBDB64-DE20-4B78-8844-C47D5ADCE5A6}.Debug|Any CPU.Build.0 = Debug|Any CPU
		{FFCBDB64-DE20-4B78-8844-C47D5ADCE5A6}.Release|Any CPU.ActiveCfg = Release|Any CPU
		{FFCBDB64-DE20-4B78-8844-C47D5ADCE5A6}.Release|Any CPU.Build.0 = Release|Any CPU
		{0B29867C-E956-43C5-8399-85C87599A327}.Debug|Any CPU.ActiveCfg = Debug|Any CPU
		{0B29867C-E956-43C5-8399-85C87599A327}.Debug|Any CPU.Build.0 = Debug|Any CPU
		{0B29867C-E956-43C5-8399-85C87599A327}.Release|Any CPU.ActiveCfg = Release|Any CPU
		{0B29867C-E956-43C5-8399-85C87599A327}.Release|Any CPU.Build.0 = Release|Any CPU
		{C6F381A4-DB89-4C2B-B55D-923307BA0CC6}.Debug|Any CPU.ActiveCfg = Debug|Any CPU
		{C6F381A4-DB89-4C2B-B55D-923307BA0CC6}.Debug|Any CPU.Build.0 = Debug|Any CPU
		{C6F381A4-DB89-4C2B-B55D-923307BA0CC6}.Release|Any CPU.ActiveCfg = Release|Any CPU
		{C6F381A4-DB89-4C2B-B55D-923307BA0CC6}.Release|Any CPU.Build.0 = Release|Any CPU
	EndGlobalSection
	GlobalSection(SolutionProperties) = preSolution
		HideSolutionNode = FALSE
	EndGlobalSection
	GlobalSection(ExtensibilityGlobals) = postSolution
		SolutionGuid = {9C40F20D-EE58-49CE-9186-C371B730A5B0}
	EndGlobalSection
EndGlobal
